{
  "name": "testing",
  "lockfileVersion": 3,
  "requires": true,
  "packages": {
    "": {
      "dependencies": {
        "html5sortable": "^0.13.3"
      }
    },
    "node_modules/html5sortable": {
      "version": "0.13.3",
      "resolved": "https://registry.npmjs.org/html5sortable/-/html5sortable-0.13.3.tgz",
      "integrity": "sha512-rmglSaNttGo4LY33PFW51mgeD1ItvHyfS9cRCD+Cj9Msj/xFaG/sZjLGVtPbtxYJmhY/c8jtw6G07yWhC2ifEw=="
    }
  }
}
